
Microsoft Visual Studio Solution File, Format Version 12.00
# Visual Studio Version 16
VisualStudioVersion = 16.0.29709.97
MinimumVisualStudioVersion = 10.0.40219.1
Project("{FAE04EC0-301F-11D3-BF4B-00C04F79EFBC}") = "RK7Die", "RK7Die\RK7Die.csproj", "{79CE4ED3-9355-4382-864F-7DA0B9F81506}"
EndProject
Project("{FAE04EC0-301F-11D3-BF4B-00C04F79EFBC}") = "RK7Die.Example", "RK7Die.Example\RK7Die.Example.csproj", "{0275BAEF-5D5E-4E54-A3DE-3FE7BFD43F5F}"
EndProject
Global
	GlobalSection(SolutionConfigurationPlatforms) = preSolution
		Debug|Any CPU = Debug|Any CPU
		Release|Any CPU = Release|Any CPU
	EndGlobalSection
	GlobalSection(ProjectConfigurationPlatforms) = postSolution
		{79CE4ED3-9355-4382-864F-7DA0B9F81506}.Debug|Any CPU.ActiveCfg = Debug|Any CPU
		{79CE4ED3-9355-4382-864F-7DA0B9F81506}.Debug|Any CPU.Build.0 = Debug|Any CPU
		{79CE4ED3-9355-4382-864F-7DA0B9F81506}.Release|Any CPU.ActiveCfg = Release|Any CPU
		{79CE4ED3-9355-4382-864F-7DA0B9F81506}.Release|Any CPU.Build.0 = Release|Any CPU
		{0275BAEF-5D5E-4E54-A3DE-3FE7BFD43F5F}.Debug|Any CPU.ActiveCfg = Debug|Any CPU
		{0275BAEF-5D5E-4E54-A3DE-3FE7BFD43F5F}.Debug|Any CPU.Build.0 = Debug|Any CPU
		{0275BAEF-5D5E-4E54-A3DE-3FE7BFD43F5F}.Release|Any CPU.ActiveCfg = Release|Any CPU
		{0275BAEF-5D5E-4E54-A3DE-3FE7BFD43F5F}.Release|Any CPU.Build.0 = Release|Any CPU
	EndGlobalSection
	GlobalSection(SolutionProperties) = preSolution
		HideSolutionNode = FALSE
	EndGlobalSection
	GlobalSection(ExtensibilityGlobals) = postSolution
		SolutionGuid = {0A0CBDF4-A912-490B-AE26-E337EE95CF54}
	EndGlobalSection
EndGlobal
